
Microsoft Visual Studio Solution File, Format Version 12.00
# Visual Studio Version 16
VisualStudioVersion = 16.0.29613.14
MinimumVisualStudioVersion = 10.0.40219.1
Project("{FAE04EC0-301F-11D3-BF4B-00C04F79EFBC}") = "BibliotecaImpacta", "BibliotecaImpacta\BibliotecaImpacta.csproj", "{87D42589-8F73-4DD8-A4D2-37345DA28BEA}"
EndProject
Global
	GlobalSection(SolutionConfigurationPlatforms) = preSolution
		Debug|Any CPU = Debug|Any CPU
		Release|Any CPU = Release|Any CPU
	EndGlobalSection
	GlobalSection(ProjectConfigurationPlatforms) = postSolution
		{87D42589-8F73-4DD8-A4D2-37345DA28BEA}.Debug|Any CPU.ActiveCfg = Debug|Any CPU
		{87D42589-8F73-4DD8-A4D2-37345DA28BEA}.Debug|Any CPU.Build.0 = Debug|Any CPU
		{87D42589-8F73-4DD8-A4D2-37345DA28BEA}.Release|Any CPU.ActiveCfg = Release|Any CPU
		{87D42589-8F73-4DD8-A4D2-37345DA28BEA}.Release|Any CPU.Build.0 = Release|Any CPU
	EndGlobalSection
	GlobalSection(SolutionProperties) = preSolution
		HideSolutionNode = FALSE
	EndGlobalSection
	GlobalSection(ExtensibilityGlobals) = postSolution
		SolutionGuid = {C19B2333-A830-4C29-8C76-9B4AF9AB003F}
	EndGlobalSection
EndGlobal
